
Microsoft Visual Studio Solution File, Format Version 12.00
# Visual Studio Version 17
VisualStudioVersion = 17.0.31903.59
MinimumVisualStudioVersion = 10.0.40219.1
Project("{FAE04EC0-301F-11D3-BF4B-00C04F79EFBC}") = "FizzBuzz", "FizzBuzz\FizzBuzz.csproj", "{E0A59E22-494A-4B86-9620-40C0A8A3B05D}"
EndProject
Project("{FAE04EC0-301F-11D3-BF4B-00C04F79EFBC}") = "ForEach", "ForEach\ForEach.csproj", "{7DAA7DC7-AE45-4090-AD35-C1B0486ECD55}"
EndProject
Project("{FAE04EC0-301F-11D3-BF4B-00C04F79EFBC}") = "FraudOrderChallenge", "FraudOrderChallenge\FraudOrderChallenge.csproj", "{336FF82C-329A-491C-A45A-A420C7057DD9}"
EndProject
Project("{FAE04EC0-301F-11D3-BF4B-00C04F79EFBC}") = "TimeFunctions", "TimeFunctions\TimeFunctions.csproj", "{A1D36121-6837-4F1E-923E-9830EBB608A6}"
EndProject
Project("{FAE04EC0-301F-11D3-BF4B-00C04F79EFBC}") = "DaysBetween", "DaysBetween\DaysBetween.csproj", "{EB2AC29A-7989-4B5E-8B68-24E172D73714}"
EndProject
Project("{FAE04EC0-301F-11D3-BF4B-00C04F79EFBC}") = "RemoveLastChar", "RemoveLastChar\RemoveLastChar.csproj", "{E9CEEB20-1374-4381-A912-F6A7F6B9DA2A}"
EndProject
Project("{FAE04EC0-301F-11D3-BF4B-00C04F79EFBC}") = "SpeedConversion", "SpeedConversion\SpeedConversion.csproj", "{7B66C319-4D0D-4D32-8DD3-41C703AA0DF9}"
EndProject
Project("{FAE04EC0-301F-11D3-BF4B-00C04F79EFBC}") = "FunctionalChaining", "FunctionalChaining\FunctionalChaining.csproj", "{62E93B38-CA56-472D-82B8-5AAD7286FB72}"
EndProject
Project("{FAE04EC0-301F-11D3-BF4B-00C04F79EFBC}") = "Conditional", "Conditional\Conditional.csproj", "{A9EE142A-3C67-4B74-A912-F84CFAFC3D8C}"
EndProject
Project("{FAE04EC0-301F-11D3-BF4B-00C04F79EFBC}") = "CoinFlip", "CoinFlip\CoinFlip.csproj", "{E42EC746-1781-446C-85E9-A8D2B2CE069F}"
EndProject
Project("{FAE04EC0-301F-11D3-BF4B-00C04F79EFBC}") = "PermissionLevels", "PermissionLevels\PermissionLevels.csproj", "{78803FB5-B3F2-4E14-AE13-450A5B1ACFCA}"
EndProject
Project("{FAE04EC0-301F-11D3-BF4B-00C04F79EFBC}") = "Scope", "Scope\Scope.csproj", "{B08ED6F9-14E9-4C45-824A-3C6B1FAE4F63}"
EndProject
Project("{FAE04EC0-301F-11D3-BF4B-00C04F79EFBC}") = "ScopeChallenge", "ScopeChallenge\ScopeChallenge.csproj", "{E13D8D75-4A55-4565-84F0-EE45F5EACFE7}"
EndProject
Project("{FAE04EC0-301F-11D3-BF4B-00C04F79EFBC}") = "SwitchChallenge", "SwitchChallenge\SwitchChallenge.csproj", "{ADD9716D-B8DB-432F-ADFC-64C232353826}"
EndProject
Project("{FAE04EC0-301F-11D3-BF4B-00C04F79EFBC}") = "Loops", "Loops\Loops.csproj", "{76A8DC36-7BE9-44E7-B68A-05E0A7CDD674}"
EndProject
Project("{FAE04EC0-301F-11D3-BF4B-00C04F79EFBC}") = "BattleGame", "BattleGame\BattleGame.csproj", "{D14B6C12-B841-459E-8575-72FFE57ED3C6}"
EndProject
Project("{FAE04EC0-301F-11D3-BF4B-00C04F79EFBC}") = "ContosoPets", "ContosoPets\ContosoPets.csproj", "{3EAF8904-EC6D-4992-840C-9EBF0121B0B4}"
EndProject
Project("{FAE04EC0-301F-11D3-BF4B-00C04F79EFBC}") = "IntegralTypes", "IntegralTypes\IntegralTypes.csproj", "{C5CA7E23-468C-418F-863D-93A10C7B0DA5}"
EndProject
Project("{FAE04EC0-301F-11D3-BF4B-00C04F79EFBC}") = "DataConversion", "DataConversion\DataConversion.csproj", "{F7755C14-F23A-4390-ADEE-FFDB7E16663A}"
EndProject
Project("{FAE04EC0-301F-11D3-BF4B-00C04F79EFBC}") = "TryParse", "TryParse\TryParse.csproj", "{4C13E97C-FA0F-4EC8-8AA9-2CF849488E24}"
EndProject
Project("{FAE04EC0-301F-11D3-BF4B-00C04F79EFBC}") = "ParsingChallenge", "ParsingChallenge\ParsingChallenge.csproj", "{151B6428-E682-4080-A033-29D04748E326}"
EndProject
Project("{FAE04EC0-301F-11D3-BF4B-00C04F79EFBC}") = "MathsParsingChallenge", "MathsParsingChallenge\MathsParsingChallenge.csproj", "{D88A2063-D9D1-4244-B54E-A75EE40299E8}"
EndProject
Project("{FAE04EC0-301F-11D3-BF4B-00C04F79EFBC}") = "Arrays", "Arrays\Arrays.csproj", "{31060A97-472A-4281-A96E-EDBACAD81714}"
EndProject
Project("{FAE04EC0-301F-11D3-BF4B-00C04F79EFBC}") = "EventHandler", "EventHandler\EventHandler.csproj", "{4FD1AE9C-966E-4EBA-82E8-F33CC80B626C}"
EndProject
Project("{FAE04EC0-301F-11D3-BF4B-00C04F79EFBC}") = "EventHandlerWithArgs", "EventHandlerWithArgs\EventHandlerWithArgs.csproj", "{079F46B4-C0FA-42D4-9983-C48ACA7F8A32}"
EndProject
Project("{FAE04EC0-301F-11D3-BF4B-00C04F79EFBC}") = "ArrayManagment", "ArrayManagment\ArrayManagment.csproj", "{6E792E33-C8DD-450E-A5BB-1E37E53061C8}"
EndProject
Project("{FAE04EC0-301F-11D3-BF4B-00C04F79EFBC}") = "CharArray", "CharArray\CharArray.csproj", "{E63C4F49-37FE-4EC5-94A3-D1081959B3D3}"
EndProject
Project("{FAE04EC0-301F-11D3-BF4B-00C04F79EFBC}") = "String Challenge", "String Challenge\String Challenge.csproj", "{80C21F25-FE6C-4AF6-81E2-2C7FE25F9EFF}"
EndProject
Project("{FAE04EC0-301F-11D3-BF4B-00C04F79EFBC}") = "FormattingStrings", "FormattingStrings\FormattingStrings.csproj", "{F6984FCB-1B1B-4610-AB6C-5B315BBE8865}"
EndProject
Project("{FAE04EC0-301F-11D3-BF4B-00C04F79EFBC}") = "StringInterpolation", "StringInterpolation\StringInterpolation.csproj", "{1B43EE0D-5854-48F8-B55C-554A77FE01FA}"
EndProject
Project("{FAE04EC0-301F-11D3-BF4B-00C04F79EFBC}") = "PaddingAndAlignment", "PaddingAndAlignment\PaddingAndAlignment.csproj", "{E474B041-D09D-44D2-880D-A1EC0C6B1263}"
EndProject
Global
	GlobalSection(SolutionConfigurationPlatforms) = preSolution
		Debug|Any CPU = Debug|Any CPU
		Release|Any CPU = Release|Any CPU
	EndGlobalSection
	GlobalSection(SolutionProperties) = preSolution
		HideSolutionNode = FALSE
	EndGlobalSection
	GlobalSection(ProjectConfigurationPlatforms) = postSolution
		{E0A59E22-494A-4B86-9620-40C0A8A3B05D}.Debug|Any CPU.ActiveCfg = Debug|Any CPU
		{E0A59E22-494A-4B86-9620-40C0A8A3B05D}.Debug|Any CPU.Build.0 = Debug|Any CPU
		{E0A59E22-494A-4B86-9620-40C0A8A3B05D}.Release|Any CPU.ActiveCfg = Release|Any CPU
		{E0A59E22-494A-4B86-9620-40C0A8A3B05D}.Release|Any CPU.Build.0 = Release|Any CPU
		{7DAA7DC7-AE45-4090-AD35-C1B0486ECD55}.Debug|Any CPU.ActiveCfg = Debug|Any CPU
		{7DAA7DC7-AE45-4090-AD35-C1B0486ECD55}.Debug|Any CPU.Build.0 = Debug|Any CPU
		{7DAA7DC7-AE45-4090-AD35-C1B0486ECD55}.Release|Any CPU.ActiveCfg = Release|Any CPU
		{7DAA7DC7-AE45-4090-AD35-C1B0486ECD55}.Release|Any CPU.Build.0 = Release|Any CPU
		{336FF82C-329A-491C-A45A-A420C7057DD9}.Debug|Any CPU.ActiveCfg = Debug|Any CPU
		{336FF82C-329A-491C-A45A-A420C7057DD9}.Debug|Any CPU.Build.0 = Debug|Any CPU
		{336FF82C-329A-491C-A45A-A420C7057DD9}.Release|Any CPU.ActiveCfg = Release|Any CPU
		{336FF82C-329A-491C-A45A-A420C7057DD9}.Release|Any CPU.Build.0 = Release|Any CPU
		{A1D36121-6837-4F1E-923E-9830EBB608A6}.Debug|Any CPU.ActiveCfg = Debug|Any CPU
		{A1D36121-6837-4F1E-923E-9830EBB608A6}.Debug|Any CPU.Build.0 = Debug|Any CPU
		{A1D36121-6837-4F1E-923E-9830EBB608A6}.Release|Any CPU.ActiveCfg = Release|Any CPU
		{A1D36121-6837-4F1E-923E-9830EBB608A6}.Release|Any CPU.Build.0 = Release|Any CPU
		{EB2AC29A-7989-4B5E-8B68-24E172D73714}.Debug|Any CPU.ActiveCfg = Debug|Any CPU
		{EB2AC29A-7989-4B5E-8B68-24E172D73714}.Debug|Any CPU.Build.0 = Debug|Any CPU
		{EB2AC29A-7989-4B5E-8B68-24E172D73714}.Release|Any CPU.ActiveCfg = Release|Any CPU
		{EB2AC29A-7989-4B5E-8B68-24E172D73714}.Release|Any CPU.Build.0 = Release|Any CPU
		{E9CEEB20-1374-4381-A912-F6A7F6B9DA2A}.Debug|Any CPU.ActiveCfg = Debug|Any CPU
		{E9CEEB20-1374-4381-A912-F6A7F6B9DA2A}.Debug|Any CPU.Build.0 = Debug|Any CPU
		{E9CEEB20-1374-4381-A912-F6A7F6B9DA2A}.Release|Any CPU.ActiveCfg = Release|Any CPU
		{E9CEEB20-1374-4381-A912-F6A7F6B9DA2A}.Release|Any CPU.Build.0 = Release|Any CPU
		{7B66C319-4D0D-4D32-8DD3-41C703AA0DF9}.Debug|Any CPU.ActiveCfg = Debug|Any CPU
		{7B66C319-4D0D-4D32-8DD3-41C703AA0DF9}.Debug|Any CPU.Build.0 = Debug|Any CPU
		{7B66C319-4D0D-4D32-8DD3-41C703AA0DF9}.Release|Any CPU.ActiveCfg = Release|Any CPU
		{7B66C319-4D0D-4D32-8DD3-41C703AA0DF9}.Release|Any CPU.Build.0 = Release|Any CPU
		{62E93B38-CA56-472D-82B8-5AAD7286FB72}.Debug|Any CPU.ActiveCfg = Debug|Any CPU
		{62E93B38-CA56-472D-82B8-5AAD7286FB72}.Debug|Any CPU.Build.0 = Debug|Any CPU
		{62E93B38-CA56-472D-82B8-5AAD7286FB72}.Release|Any CPU.ActiveCfg = Release|Any CPU
		{62E93B38-CA56-472D-82B8-5AAD7286FB72}.Release|Any CPU.Build.0 = Release|Any CPU
		{A9EE142A-3C67-4B74-A912-F84CFAFC3D8C}.Debug|Any CPU.ActiveCfg = Debug|Any CPU
		{A9EE142A-3C67-4B74-A912-F84CFAFC3D8C}.Debug|Any CPU.Build.0 = Debug|Any CPU
		{A9EE142A-3C67-4B74-A912-F84CFAFC3D8C}.Release|Any CPU.ActiveCfg = Release|Any CPU
		{A9EE142A-3C67-4B74-A912-F84CFAFC3D8C}.Release|Any CPU.Build.0 = Release|Any CPU
		{E42EC746-1781-446C-85E9-A8D2B2CE069F}.Debug|Any CPU.ActiveCfg = Debug|Any CPU
		{E42EC746-1781-446C-85E9-A8D2B2CE069F}.Debug|Any CPU.Build.0 = Debug|Any CPU
		{E42EC746-1781-446C-85E9-A8D2B2CE069F}.Release|Any CPU.ActiveCfg = Release|Any CPU
		{E42EC746-1781-446C-85E9-A8D2B2CE069F}.Release|Any CPU.Build.0 = Release|Any CPU
		{78803FB5-B3F2-4E14-AE13-450A5B1ACFCA}.Debug|Any CPU.ActiveCfg = Debug|Any CPU
		{78803FB5-B3F2-4E14-AE13-450A5B1ACFCA}.Debug|Any CPU.Build.0 = Debug|Any CPU
		{78803FB5-B3F2-4E14-AE13-450A5B1ACFCA}.Release|Any CPU.ActiveCfg = Release|Any CPU
		{78803FB5-B3F2-4E14-AE13-450A5B1ACFCA}.Release|Any CPU.Build.0 = Release|Any CPU
		{B08ED6F9-14E9-4C45-824A-3C6B1FAE4F63}.Debug|Any CPU.ActiveCfg = Debug|Any CPU
		{B08ED6F9-14E9-4C45-824A-3C6B1FAE4F63}.Debug|Any CPU.Build.0 = Debug|Any CPU
		{B08ED6F9-14E9-4C45-824A-3C6B1FAE4F63}.Release|Any CPU.ActiveCfg = Release|Any CPU
		{B08ED6F9-14E9-4C45-824A-3C6B1FAE4F63}.Release|Any CPU.Build.0 = Release|Any CPU
		{E13D8D75-4A55-4565-84F0-EE45F5EACFE7}.Debug|Any CPU.ActiveCfg = Debug|Any CPU
		{E13D8D75-4A55-4565-84F0-EE45F5EACFE7}.Debug|Any CPU.Build.0 = Debug|Any CPU
		{E13D8D75-4A55-4565-84F0-EE45F5EACFE7}.Release|Any CPU.ActiveCfg = Release|Any CPU
		{E13D8D75-4A55-4565-84F0-EE45F5EACFE7}.Release|Any CPU.Build.0 = Release|Any CPU
		{68D531C4-FF31-471C-8438-495EE406803D}.Debug|Any CPU.Build.0 = Debug|Any CPU
		{68D531C4-FF31-471C-8438-495EE406803D}.Release|Any CPU.ActiveCfg = Release|Any CPU
		{68D531C4-FF31-471C-8438-495EE406803D}.Release|Any CPU.Build.0 = Release|Any CPU
		{ADD9716D-B8DB-432F-ADFC-64C232353826}.Debug|Any CPU.ActiveCfg = Debug|Any CPU
		{ADD9716D-B8DB-432F-ADFC-64C232353826}.Debug|Any CPU.Build.0 = Debug|Any CPU
		{ADD9716D-B8DB-432F-ADFC-64C232353826}.Release|Any CPU.ActiveCfg = Release|Any CPU
		{ADD9716D-B8DB-432F-ADFC-64C232353826}.Release|Any CPU.Build.0 = Release|Any CPU
		{76A8DC36-7BE9-44E7-B68A-05E0A7CDD674}.Debug|Any CPU.ActiveCfg = Debug|Any CPU
		{76A8DC36-7BE9-44E7-B68A-05E0A7CDD674}.Debug|Any CPU.Build.0 = Debug|Any CPU
		{76A8DC36-7BE9-44E7-B68A-05E0A7CDD674}.Release|Any CPU.ActiveCfg = Release|Any CPU
		{76A8DC36-7BE9-44E7-B68A-05E0A7CDD674}.Release|Any CPU.Build.0 = Release|Any CPU
		{D14B6C12-B841-459E-8575-72FFE57ED3C6}.Debug|Any CPU.ActiveCfg = Debug|Any CPU
		{D14B6C12-B841-459E-8575-72FFE57ED3C6}.Debug|Any CPU.Build.0 = Debug|Any CPU
		{D14B6C12-B841-459E-8575-72FFE57ED3C6}.Release|Any CPU.ActiveCfg = Release|Any CPU
		{D14B6C12-B841-459E-8575-72FFE57ED3C6}.Release|Any CPU.Build.0 = Release|Any CPU
		{3EAF8904-EC6D-4992-840C-9EBF0121B0B4}.Debug|Any CPU.ActiveCfg = Debug|Any CPU
		{3EAF8904-EC6D-4992-840C-9EBF0121B0B4}.Debug|Any CPU.Build.0 = Debug|Any CPU
		{3EAF8904-EC6D-4992-840C-9EBF0121B0B4}.Release|Any CPU.ActiveCfg = Release|Any CPU
		{3EAF8904-EC6D-4992-840C-9EBF0121B0B4}.Release|Any CPU.Build.0 = Release|Any CPU
		{C5CA7E23-468C-418F-863D-93A10C7B0DA5}.Debug|Any CPU.ActiveCfg = Debug|Any CPU
		{C5CA7E23-468C-418F-863D-93A10C7B0DA5}.Debug|Any CPU.Build.0 = Debug|Any CPU
		{C5CA7E23-468C-418F-863D-93A10C7B0DA5}.Release|Any CPU.ActiveCfg = Release|Any CPU
		{C5CA7E23-468C-418F-863D-93A10C7B0DA5}.Release|Any CPU.Build.0 = Release|Any CPU
		{F7755C14-F23A-4390-ADEE-FFDB7E16663A}.Debug|Any CPU.ActiveCfg = Debug|Any CPU
		{F7755C14-F23A-4390-ADEE-FFDB7E16663A}.Debug|Any CPU.Build.0 = Debug|Any CPU
		{F7755C14-F23A-4390-ADEE-FFDB7E16663A}.Release|Any CPU.ActiveCfg = Release|Any CPU
		{F7755C14-F23A-4390-ADEE-FFDB7E16663A}.Release|Any CPU.Build.0 = Release|Any CPU
		{4C13E97C-FA0F-4EC8-8AA9-2CF849488E24}.Debug|Any CPU.ActiveCfg = Debug|Any CPU
		{4C13E97C-FA0F-4EC8-8AA9-2CF849488E24}.Debug|Any CPU.Build.0 = Debug|Any CPU
		{4C13E97C-FA0F-4EC8-8AA9-2CF849488E24}.Release|Any CPU.ActiveCfg = Release|Any CPU
		{4C13E97C-FA0F-4EC8-8AA9-2CF849488E24}.Release|Any CPU.Build.0 = Release|Any CPU
		{151B6428-E682-4080-A033-29D04748E326}.Debug|Any CPU.ActiveCfg = Debug|Any CPU
		{151B6428-E682-4080-A033-29D04748E326}.Debug|Any CPU.Build.0 = Debug|Any CPU
		{151B6428-E682-4080-A033-29D04748E326}.Release|Any CPU.ActiveCfg = Release|Any CPU
		{151B6428-E682-4080-A033-29D04748E326}.Release|Any CPU.Build.0 = Release|Any CPU
		{D88A2063-D9D1-4244-B54E-A75EE40299E8}.Debug|Any CPU.ActiveCfg = Debug|Any CPU
		{D88A2063-D9D1-4244-B54E-A75EE40299E8}.Debug|Any CPU.Build.0 = Debug|Any CPU
		{D88A2063-D9D1-4244-B54E-A75EE40299E8}.Release|Any CPU.ActiveCfg = Release|Any CPU
		{D88A2063-D9D1-4244-B54E-A75EE40299E8}.Release|Any CPU.Build.0 = Release|Any CPU
		{31060A97-472A-4281-A96E-EDBACAD81714}.Debug|Any CPU.ActiveCfg = Debug|Any CPU
		{31060A97-472A-4281-A96E-EDBACAD81714}.Debug|Any CPU.Build.0 = Debug|Any CPU
		{31060A97-472A-4281-A96E-EDBACAD81714}.Release|Any CPU.ActiveCfg = Release|Any CPU
		{31060A97-472A-4281-A96E-EDBACAD81714}.Release|Any CPU.Build.0 = Release|Any CPU
		{4FD1AE9C-966E-4EBA-82E8-F33CC80B626C}.Debug|Any CPU.ActiveCfg = Debug|Any CPU
		{4FD1AE9C-966E-4EBA-82E8-F33CC80B626C}.Debug|Any CPU.Build.0 = Debug|Any CPU
		{4FD1AE9C-966E-4EBA-82E8-F33CC80B626C}.Release|Any CPU.ActiveCfg = Release|Any CPU
		{4FD1AE9C-966E-4EBA-82E8-F33CC80B626C}.Release|Any CPU.Build.0 = Release|Any CPU
		{079F46B4-C0FA-42D4-9983-C48ACA7F8A32}.Debug|Any CPU.ActiveCfg = Debug|Any CPU
		{079F46B4-C0FA-42D4-9983-C48ACA7F8A32}.Debug|Any CPU.Build.0 = Debug|Any CPU
		{079F46B4-C0FA-42D4-9983-C48ACA7F8A32}.Release|Any CPU.ActiveCfg = Release|Any CPU
		{079F46B4-C0FA-42D4-9983-C48ACA7F8A32}.Release|Any CPU.Build.0 = Release|Any CPU
		{6E792E33-C8DD-450E-A5BB-1E37E53061C8}.Debug|Any CPU.ActiveCfg = Debug|Any CPU
		{6E792E33-C8DD-450E-A5BB-1E37E53061C8}.Debug|Any CPU.Build.0 = Debug|Any CPU
		{6E792E33-C8DD-450E-A5BB-1E37E53061C8}.Release|Any CPU.ActiveCfg = Release|Any CPU
		{6E792E33-C8DD-450E-A5BB-1E37E53061C8}.Release|Any CPU.Build.0 = Release|Any CPU
		{E63C4F49-37FE-4EC5-94A3-D1081959B3D3}.Debug|Any CPU.ActiveCfg = Debug|Any CPU
		{E63C4F49-37FE-4EC5-94A3-D1081959B3D3}.Debug|Any CPU.Build.0 = Debug|Any CPU
		{E63C4F49-37FE-4EC5-94A3-D1081959B3D3}.Release|Any CPU.ActiveCfg = Release|Any CPU
		{E63C4F49-37FE-4EC5-94A3-D1081959B3D3}.Release|Any CPU.Build.0 = Release|Any CPU
		{80C21F25-FE6C-4AF6-81E2-2C7FE25F9EFF}.Debug|Any CPU.ActiveCfg = Debug|Any CPU
		{80C21F25-FE6C-4AF6-81E2-2C7FE25F9EFF}.Debug|Any CPU.Build.0 = Debug|Any CPU
		{80C21F25-FE6C-4AF6-81E2-2C7FE25F9EFF}.Release|Any CPU.ActiveCfg = Release|Any CPU
		{80C21F25-FE6C-4AF6-81E2-2C7FE25F9EFF}.Release|Any CPU.Build.0 = Release|Any CPU
		{F6984FCB-1B1B-4610-AB6C-5B315BBE8865}.Debug|Any CPU.ActiveCfg = Debug|Any CPU
		{F6984FCB-1B1B-4610-AB6C-5B315BBE8865}.Debug|Any CPU.Build.0 = Debug|Any CPU
		{F6984FCB-1B1B-4610-AB6C-5B315BBE8865}.Release|Any CPU.ActiveCfg = Release|Any CPU
		{F6984FCB-1B1B-4610-AB6C-5B315BBE8865}.Release|Any CPU.Build.0 = Release|Any CPU
		{1B43EE0D-5854-48F8-B55C-554A77FE01FA}.Debug|Any CPU.ActiveCfg = Debug|Any CPU
		{1B43EE0D-5854-48F8-B55C-554A77FE01FA}.Debug|Any CPU.Build.0 = Debug|Any CPU
		{1B43EE0D-5854-48F8-B55C-554A77FE01FA}.Release|Any CPU.ActiveCfg = Release|Any CPU
		{1B43EE0D-5854-48F8-B55C-554A77FE01FA}.Release|Any CPU.Build.0 = Release|Any CPU
		{E474B041-D09D-44D2-880D-A1EC0C6B1263}.Debug|Any CPU.ActiveCfg = Debug|Any CPU
		{E474B041-D09D-44D2-880D-A1EC0C6B1263}.Debug|Any CPU.Build.0 = Debug|Any CPU
		{E474B041-D09D-44D2-880D-A1EC0C6B1263}.Release|Any CPU.ActiveCfg = Release|Any CPU
		{E474B041-D09D-44D2-880D-A1EC0C6B1263}.Release|Any CPU.Build.0 = Release|Any CPU
	EndGlobalSection
EndGlobal
